// !$*UTF8*$!
{
	archiveVersion = 1;
	classes = {
	};
	objectVersion = 46;
	objects = {

/* Begin PBXBuildFile section */
		01AAE13CC9E73BF1A03FDDCD /* Pods_mChat.framework in Frameworks */ = {isa = PBXBuildFile; fileRef = 56178D0AF8EE3BFB65B9CC4E /* Pods_mChat.framework */; };
		B293F3AB1E87633700AFA23C /* AppDelegate.swift in Sources */ = {isa = PBXBuildFile; fileRef = B293F3AA1E87633700AFA23C /* AppDelegate.swift */; };
		B293F3AD1E87633700AFA23C /* ViewController.swift in Sources */ = {isa = PBXBuildFile; fileRef = B293F3AC1E87633700AFA23C /* ViewController.swift */; };
		B293F3B01E87633700AFA23C /* Main.storyboard in Resources */ = {isa = PBXBuildFile; fileRef = B293F3AE1E87633700AFA23C /* Main.storyboard */; };
		B293F3B21E87633700AFA23C /* Assets.xcassets in Resources */ = {isa = PBXBuildFile; fileRef = B293F3B11E87633700AFA23C /* Assets.xcassets */; };
		B293F3B51E87633700AFA23C /* LaunchScreen.storyboard in Resources */ = {isa = PBXBuildFile; fileRef = B293F3B31E87633700AFA23C /* LaunchScreen.storyboard */; };
		B293F3BD1E87663C00AFA23C /* GoogleService-Info.plist in Resources */ = {isa = PBXBuildFile; fileRef = B293F3BC1E87663C00AFA23C /* GoogleService-Info.plist */; };
		B293F3BF1E876A9600AFA23C /* AuthViewController.swift in Sources */ = {isa = PBXBuildFile; fileRef = B293F3BE1E876A9600AFA23C /* AuthViewController.swift */; };
		B293F3C11E876AC100AFA23C /* RoomListViewController.swift in Sources */ = {isa = PBXBuildFile; fileRef = B293F3C01E876AC100AFA23C /* RoomListViewController.swift */; };
		B293F3C31E87A03400AFA23C /* ChatViewController.swift in Sources */ = {isa = PBXBuildFile; fileRef = B293F3C21E87A03400AFA23C /* ChatViewController.swift */; };
/* End PBXBuildFile section */

/* Begin PBXFileReference section */
		48A21CF01BC047022E61831C /* Pods-mChat.release.xcconfig */ = {isa = PBXFileReference; includeInIndex = 1; lastKnownFileType = text.xcconfig; name = "Pods-mChat.release.xcconfig"; path = "Pods/Target Support Files/Pods-mChat/Pods-mChat.release.xcconfig"; sourceTree = "<group>"; };
		56178D0AF8EE3BFB65B9CC4E /* Pods_mChat.framework */ = {isa = PBXFileReference; explicitFileType = wrapper.framework; includeInIndex = 0; path = Pods_mChat.framework; sourceTree = BUILT_PRODUCTS_DIR; };
		9B3043F29B27418D80034F00 /* Pods-mChat.debug.xcconfig */ = {isa = PBXFileReference; includeInIndex = 1; lastKnownFileType = text.xcconfig; name = "Pods-mChat.debug.xcconfig"; path = "Pods/Target Support Files/Pods-mChat/Pods-mChat.debug.xcconfig"; sourceTree = "<group>"; };
		B293F3A71E87633700AFA23C /* mChat.app */ = {isa = PBXFileReference; explicitFileType = wrapper.application; includeInIndex = 0; path = mChat.app; sourceTree = BUILT_PRODUCTS_DIR; };
		B293F3AA1E87633700AFA23C /* AppDelegate.swift */ = {isa = PBXFileReference; lastKnownFileType = sourcecode.swift; path = AppDelegate.swift; sourceTree = "<group>"; };
		B293F3AC1E87633700AFA23C /* ViewController.swift */ = {isa = PBXFileReference; lastKnownFileType = sourcecode.swift; path = ViewController.swift; sourceTree = "<group>"; };
		B293F3AF1E87633700AFA23C /* Base */ = {isa = PBXFileReference; lastKnownFileType = file.storyboard; name = Base; path = Base.lproj/Main.storyboard; sourceTree = "<group>"; };
		B293F3B11E87633700AFA23C /* Assets.xcassets */ = {isa = PBXFileReference; lastKnownFileType = folder.assetcatalog; path = Assets.xcassets; sourceTree = "<group>"; };
		B293F3B41E87633700AFA23C /* Base */ = {isa = PBXFileReference; lastKnownFileType = file.storyboard; name = Base; path = Base.lproj/LaunchScreen.storyboard; sourceTree = "<group>"; };
		B293F3B61E87633700AFA23C /* Info.plist */ = {isa = PBXFileReference; lastKnownFileType = text.plist.xml; path = Info.plist; sourceTree = "<group>"; };
		B293F3BC1E87663C00AFA23C /* GoogleService-Info.plist */ = {isa = PBXFileReference; fileEncoding = 4; lastKnownFileType = text.plist.xml; path = "GoogleService-Info.plist"; sourceTree = "<group>"; };
		B293F3BE1E876A9600AFA23C /* AuthViewController.swift */ = {isa = PBXFileReference; fileEncoding = 4; lastKnownFileType = sourcecode.swift; path = AuthViewController.swift; sourceTree = "<group>"; };
		B293F3C01E876AC100AFA23C /* RoomListViewController.swift */ = {isa = PBXFileReference; fileEncoding = 4; lastKnownFileType = sourcecode.swift; path = RoomListViewController.swift; sourceTree = "<group>"; };
		B293F3C21E87A03400AFA23C /* ChatViewController.swift */ = {isa = PBXFileReference; fileEncoding = 4; lastKnownFileType = sourcecode.swift; path = ChatViewController.swift; sourceTree = "<group>"; };
		B293F3C41E87A13F00AFA23C /* mChat-Bridging-Header.h */ = {isa = PBXFileReference; lastKnownFileType = sourcecode.c.h; path = "mChat-Bridging-Header.h"; sourceTree = "<group>"; };
/* End PBXFileReference section */

/* Begin PBXFrameworksBuildPhase section */
		B293F3A41E87633700AFA23C /* Frameworks */ = {
			isa = PBXFrameworksBuildPhase;
			buildActionMask = 2147483647;
			files = (
				01AAE13CC9E73BF1A03FDDCD /* Pods_mChat.framework in Frameworks */,
			);
			runOnlyForDeploymentPostprocessing = 0;
		};
/* End PBXFrameworksBuildPhase section */

/* Begin PBXGroup section */
		3CB1D602E977D427D8E216C7 /* Pods */ = {
			isa = PBXGroup;
			children = (
				9B3043F29B27418D80034F00 /* Pods-mChat.debug.xcconfig */,
				48A21CF01BC047022E61831C /* Pods-mChat.release.xcconfig */,
			);
			name = Pods;
			sourceTree = "<group>";
		};
		6D58E45FFEAD25F44D7205B7 /* Frameworks */ = {
			isa = PBXGroup;
			children = (
				56178D0AF8EE3BFB65B9CC4E /* Pods_mChat.framework */,
			);
			name = Frameworks;
			sourceTree = "<group>";
		};
		B293F39E1E87633600AFA23C = {
			isa = PBXGroup;
			children = (
				B293F3A91E87633700AFA23C /* mChat */,
				B293F3A81E87633700AFA23C /* Products */,
				3CB1D602E977D427D8E216C7 /* Pods */,
				6D58E45FFEAD25F44D7205B7 /* Frameworks */,
			);
			sourceTree = "<group>";
		};
		B293F3A81E87633700AFA23C /* Products */ = {
			isa = PBXGroup;
			children = (
				B293F3A71E87633700AFA23C /* mChat.app */,
			);
			name = Products;
			sourceTree = "<group>";
		};
		B293F3A91E87633700AFA23C /* mChat */ = {
			isa = PBXGroup;
			children = (
				B293F3AA1E87633700AFA23C /* AppDelegate.swift */,
				B293F3BE1E876A9600AFA23C /* AuthViewController.swift */,
				B293F3C01E876AC100AFA23C /* RoomListViewController.swift */,
				B293F3AC1E87633700AFA23C /* ViewController.swift */,
				B293F3C21E87A03400AFA23C /* ChatViewController.swift */,
				B293F3AE1E87633700AFA23C /* Main.storyboard */,
				B293F3B11E87633700AFA23C /* Assets.xcassets */,
				B293F3B31E87633700AFA23C /* LaunchScreen.storyboard */,
				B293F3B61E87633700AFA23C /* Info.plist */,
				B293F3BC1E87663C00AFA23C /* GoogleService-Info.plist */,
				B293F3C41E87A13F00AFA23C /* mChat-Bridging-Header.h */,
			);
			path = mChat;
			sourceTree = "<group>";
		};
/* End PBXGroup section */

/* Begin PBXNativeTarget section */
		B293F3A61E87633700AFA23C /* mChat */ = {
			isa = PBXNativeTarget;
			buildConfigurationList = B293F3B91E87633700AFA23C /* Build configuration list for PBXNativeTarget "mChat" */;
			buildPhases = (
				64F4AE5E6B212F03769A09D3 /* [CP] Check Pods Manifest.lock */,
				B293F3A31E87633700AFA23C /* Sources */,
				B293F3A41E87633700AFA23C /* Frameworks */,
				B293F3A51E87633700AFA23C /* Resources */,
				87108E40EB6BCFE3E0CF3716 /* [CP] Embed Pods Frameworks */,
				49C2A94405F6084867D39D30 /* [CP] Copy Pods Resources */,
			);
			buildRules = (
			);
			dependencies = (
			);
			name = mChat;
			productName = mChat;
			productReference = B293F3A71E87633700AFA23C /* mChat.app */;
			productType = "com.apple.product-type.application";
		};
/* End PBXNativeTarget section */

/* Begin PBXProject section */
		B293F39F1E87633600AFA23C /* Project object */ = {
			isa = PBXProject;
			attributes = {
				LastSwiftUpdateCheck = 0820;
				LastUpgradeCheck = 0820;
				ORGANIZATIONNAME = Fang;
				TargetAttributes = {
					B293F3A61E87633700AFA23C = {
						CreatedOnToolsVersion = 8.2.1;
						DevelopmentTeam = WG57F49J5K;
						LastSwiftMigration = 0820;
						ProvisioningStyle = Automatic;
					};
				};
			};
			buildConfigurationList = B293F3A21E87633600AFA23C /* Build configuration list for PBXProject "mChat" */;
			compatibilityVersion = "Xcode 3.2";
			developmentRegion = English;
			hasScannedForEncodings = 0;
			knownRegions = (
				en,
				Base,
			);
			mainGroup = B293F39E1E87633600AFA23C;
			productRefGroup = B293F3A81E87633700AFA23C /* Products */;
			projectDirPath = "";
			projectRoot = "";
			targets = (
				B293F3A61E87633700AFA23C /* mChat */,
			);
		};
/* End PBXProject section */

/* Begin PBXResourcesBuildPhase section */
		B293F3A51E87633700AFA23C /* Resources */ = {
			isa = PBXResourcesBuildPhase;
			buildActionMask = 2147483647;
			files = (
				B293F3B51E87633700AFA23C /* LaunchScreen.storyboard in Resources */,
				B293F3BD1E87663C00AFA23C /* GoogleService-Info.plist in Resources */,
				B293F3B21E87633700AFA23C /* Assets.xcassets in Resources */,
				B293F3B01E87633700AFA23C /* Main.storyboard in Resources */,
			);
			runOnlyForDeploymentPostprocessing = 0;
		};
/* End PBXResourcesBuildPhase section */

/* Begin PBXShellScriptBuildPhase section */
		49C2A94405F6084867D39D30 /* [CP] Copy Pods Resources */ = {
			isa = PBXShellScriptBuildPhase;
			buildActionMask = 2147483647;
			files = (
			);
			inputPaths = (
			);
			name = "[CP] Copy Pods Resources";
			outputPaths = (
			);
			runOnlyForDeploymentPostprocessing = 0;
			shellPath = /bin/sh;
			shellScript = "\"${SRCROOT}/Pods/Target Support Files/Pods-mChat/Pods-mChat-resources.sh\"\n";
			showEnvVarsInLog = 0;
		};
		64F4AE5E6B212F03769A09D3 /* [CP] Check Pods Manifest.lock */ = {
			isa = PBXShellScriptBuildPhase;
			buildActionMask = 2147483647;
			files = (
			);
			inputPaths = (
			);
			name = "[CP] Check Pods Manifest.lock";
			outputPaths = (
			);
			runOnlyForDeploymentPostprocessing = 0;
			shellPath = /bin/sh;
			shellScript = "diff \"${PODS_ROOT}/../Podfile.lock\" \"${PODS_ROOT}/Manifest.lock\" > /dev/null\nif [ $? != 0 ] ; then\n    # print error to STDERR\n    echo \"error: The sandbox is not in sync with the Podfile.lock. Run 'pod install' or update your CocoaPods installation.\" >&2\n    exit 1\nfi\n";
			showEnvVarsInLog = 0;
		};
		87108E40EB6BCFE3E0CF3716 /* [CP] Embed Pods Frameworks */ = {
			isa = PBXShellScriptBuildPhase;
			buildActionMask = 2147483647;
			files = (
			);
			inputPaths = (
			);
			name = "[CP] Embed Pods Frameworks";
			outputPaths = (
			);
			runOnlyForDeploymentPostprocessing = 0;
			shellPath = /bin/sh;
			shellScript = "\"${SRCROOT}/Pods/Target Support Files/Pods-mChat/Pods-mChat-frameworks.sh\"\n";
			showEnvVarsInLog = 0;
		};
/* End PBXShellScriptBuildPhase section */

/* Begin PBXSourcesBuildPhase section */
		B293F3A31E87633700AFA23C /* Sources */ = {
			isa = PBXSourcesBuildPhase;
			buildActionMask = 2147483647;
			files = (
				B293F3AD1E87633700AFA23C /* ViewController.swift in Sources */,
				B293F3BF1E876A9600AFA23C /* AuthViewController.swift in Sources */,
				B293F3AB1E87633700AFA23C /* AppDelegate.swift in Sources */,
				B293F3C31E87A03400AFA23C /* ChatViewController.swift in Sources */,
				B293F3C11E876AC100AFA23C /* RoomListViewController.swift in Sources */,
			);
			runOnlyForDeploymentPostprocessing = 0;
		};
/* End PBXSourcesBuildPhase section */

/* Begin PBXVariantGroup section */
		B293F3AE1E87633700AFA23C /* Main.storyboard */ = {
			isa = PBXVariantGroup;
			children = (
				B293F3AF1E87633700AFA23C /* Base */,
			);
			name = Main.storyboard;
			sourceTree = "<group>";
		};
		B293F3B31E87633700AFA23C /* LaunchScreen.storyboard */ = {
			isa = PBXVariantGroup;
			children = (
				B293F3B41E87633700AFA23C /* Base */,
			);
			name = LaunchScreen.storyboard;
			sourceTree = "<group>";
		};
/* End PBXVariantGroup section */

/* Begin XCBuildConfiguration section */
		B293F3B71E87633700AFA23C /* Debug */ = {
			isa = XCBuildConfiguration;
			buildSettings = {
				ALWAYS_SEARCH_USER_PATHS = NO;
				CLANG_ANALYZER_NONNULL = YES;
				CLANG_CXX_LANGUAGE_STANDARD = "gnu++0x";
				CLANG_CXX_LIBRARY = "libc++";
				CLANG_ENABLE_MODULES = YES;
				CLANG_ENABLE_OBJC_ARC = YES;
				CLANG_WARN_BOOL_CONVERSION = YES;
				CLANG_WARN_CONSTANT_CONVERSION = YES;
				CLANG_WARN_DIRECT_OBJC_ISA_USAGE = YES_ERROR;
				CLANG_WARN_DOCUMENTATION_COMMENTS = YES;
				CLANG_WARN_EMPTY_BODY = YES;
				CLANG_WARN_ENUM_CONVERSION = YES;
				CLANG_WARN_INFINITE_RECURSION = YES;
				CLANG_WARN_INT_CONVERSION = YES;
				CLANG_WARN_OBJC_ROOT_CLASS = YES_ERROR;
				CLANG_WARN_SUSPICIOUS_MOVE = YES;
				CLANG_WARN_UNREACHABLE_CODE = YES;
				CLANG_WARN__DUPLICATE_METHOD_MATCH = YES;
				"CODE_SIGN_IDENTITY[sdk=iphoneos*]" = "iPhone Developer";
				COPY_PHASE_STRIP = NO;
				DEBUG_INFORMATION_FORMAT = dwarf;
				ENABLE_STRICT_OBJC_MSGSEND = YES;
				ENABLE_TESTABILITY = YES;
				GCC_C_LANGUAGE_STANDARD = gnu99;
				GCC_DYNAMIC_NO_PIC = NO;
				GCC_NO_COMMON_BLOCKS = YES;
				GCC_OPTIMIZATION_LEVEL = 0;
				GCC_PREPROCESSOR_DEFINITIONS = (
					"DEBUG=1",
					"$(inherited)",
				);
				GCC_WARN_64_TO_32_BIT_CONVERSION = YES;
				GCC_WARN_ABOUT_RETURN_TYPE = YES_ERROR;
				GCC_WARN_UNDECLARED_SELECTOR = YES;
				GCC_WARN_UNINITIALIZED_AUTOS = YES_AGGRESSIVE;
				GCC_WARN_UNUSED_FUNCTION = YES;
				GCC_WARN_UNUSED_VARIABLE = YES;
				IPHONEOS_DEPLOYMENT_TARGET = 10.2;
				MTL_ENABLE_DEBUG_INFO = YES;
				ONLY_ACTIVE_ARCH = YES;
				SDKROOT = iphoneos;
				SWIFT_ACTIVE_COMPILATION_CONDITIONS = DEBUG;
				SWIFT_OPTIMIZATION_LEVEL = "-Onone";
			};
			name = Debug;
		};
		B293F3B81E87633700AFA23C /* Release */ = {
			isa = XCBuildConfiguration;
			buildSettings = {
				ALWAYS_SEARCH_USER_PATHS = NO;
				CLANG_ANALYZER_NONNULL = YES;
				CLANG_CXX_LANGUAGE_STANDARD = "gnu++0x";
				CLANG_CXX_LIBRARY = "libc++";
				CLANG_ENABLE_MODULES = YES;
				CLANG_ENABLE_OBJC_ARC = YES;
				CLANG_WARN_BOOL_CONVERSION = YES;
				CLANG_WARN_CONSTANT_CONVERSION = YES;
				CLANG_WARN_DIRECT_OBJC_ISA_USAGE = YES_ERROR;
				CLANG_WARN_DOCUMENTATION_COMMENTS = YES;
				CLANG_WARN_EMPTY_BODY = YES;
				CLANG_WARN_ENUM_CONVERSION = YES;
				CLANG_WARN_INFINITE_RECURSION = YES;
				CLANG_WARN_INT_CONVERSION = YES;
				CLANG_WARN_OBJC_ROOT_CLASS = YES_ERROR;
				CLANG_WARN_SUSPICIOUS_MOVE = YES;
				CLANG_WARN_UNREACHABLE_CODE = YES;
				CLANG_WARN__DUPLICATE_METHOD_MATCH = YES;
				"CODE_SIGN_IDENTITY[sdk=iphoneos*]" = "iPhone Developer";
				COPY_PHASE_STRIP = NO;
				DEBUG_INFORMATION_FORMAT = "dwarf-with-dsym";
				ENABLE_NS_ASSERTIONS = NO;
				ENABLE_STRICT_OBJC_MSGSEND = YES;
				GCC_C_LANGUAGE_STANDARD = gnu99;
				GCC_NO_COMMON_BLOCKS = YES;
				GCC_WARN_64_TO_32_BIT_CONVERSION = YES;
				GCC_WARN_ABOUT_RETURN_TYPE = YES_ERROR;
				GCC_WARN_UNDECLARED_SELECTOR = YES;
				GCC_WARN_UNINITIALIZED_AUTOS = YES_AGGRESSIVE;
				GCC_WARN_UNUSED_FUNCTION = YES;
				GCC_WARN_UNUSED_VARIABLE = YES;
				IPHONEOS_DEPLOYMENT_TARGET = 10.2;
				MTL_ENABLE_DEBUG_INFO = NO;
				SDKROOT = iphoneos;
				SWIFT_OPTIMIZATION_LEVEL = "-Owholemodule";
				VALIDATE_PRODUCT = YES;
			};
			name = Release;
		};
		B293F3BA1E87633700AFA23C /* Debug */ = {
			isa = XCBuildConfiguration;
			baseConfigurationReference = 9B3043F29B27418D80034F00 /* Pods-mChat.debug.xcconfig */;
			buildSettings = {
				ASSETCATALOG_COMPILER_APPICON_NAME = AppIcon;
				CLANG_ENABLE_MODULES = YES;
				DEVELOPMENT_TEAM = WG57F49J5K;
				INFOPLIST_FILE = mChat/Info.plist;
				IPHONEOS_DEPLOYMENT_TARGET = 9.3;
				LD_RUNPATH_SEARCH_PATHS = "$(inherited) @executable_path/Frameworks";
				PRODUCT_BUNDLE_IDENTIFIER = com.ameyo.mChat;
				PRODUCT_NAME = "$(TARGET_NAME)";
				SWIFT_OBJC_BRIDGING_HEADER = "mChat/mChat-Bridging-Header.h";
				SWIFT_OPTIMIZATION_LEVEL = "-Onone";
				SWIFT_VERSION = 3.0;
			};
			name = Debug;
		};
		B293F3BB1E87633700AFA23C /* Release */ = {
			isa = XCBuildConfiguration;
			baseConfigurationReference = 48A21CF01BC047022E61831C /* Pods-mChat.release.xcconfig */;
			buildSettings = {
				ASSETCATALOG_COMPILER_APPICON_NAME = AppIcon;
				CLANG_ENABLE_MODULES = YES;
				DEVELOPMENT_TEAM = WG57F49J5K;
				INFOPLIST_FILE = mChat/Info.plist;
				IPHONEOS_DEPLOYMENT_TARGET = 9.3;
				LD_RUNPATH_SEARCH_PATHS = "$(inherited) @executable_path/Frameworks";
				PRODUCT_BUNDLE_IDENTIFIER = com.ameyo.mChat;
				PRODUCT_NAME = "$(TARGET_NAME)";
				SWIFT_OBJC_BRIDGING_HEADER = "mChat/mChat-Bridging-Header.h";
				SWIFT_VERSION = 3.0;
			};
			name = Release;
		};
/* End XCBuildConfiguration section */

/* Begin XCConfigurationList section */
		B293F3A21E87633600AFA23C /* Build configuration list for PBXProject "mChat" */ = {
			isa = XCConfigurationList;
			buildConfigurations = (
				B293F3B71E87633700AFA23C /* Debug */,
				B293F3B81E87633700AFA23C /* Release */,
			);
			defaultConfigurationIsVisible = 0;
			defaultConfigurationName = Release;
		};
		B293F3B91E87633700AFA23C /* Build configuration list for PBXNativeTarget "mChat" */ = {
			isa = XCConfigurationList;
			buildConfigurations = (
				B293F3BA1E87633700AFA23C /* Debug */,
				B293F3BB1E87633700AFA23C /* Release */,
			);
			defaultConfigurationIsVisible = 0;
			defaultConfigurationName = Release;
		};
/* End XCConfigurationList section */
	};
	rootObject = B293F39F1E87633600AFA23C /* Project object */;
}
